
Microsoft Visual Studio Solution File, Format Version 12.00
# Visual Studio Version 17
VisualStudioVersion = 17.4.33213.308
MinimumVisualStudioVersion = 10.0.40219.1
Project("{FAE04EC0-301F-11D3-BF4B-00C04F79EFBC}") = "FlyManager01", "FlyManager01\FlyManager01.csproj", "{3FC2AA46-A9E9-46A2-91EA-1EA1A6391828}"
EndProject
Global
	GlobalSection(SolutionConfigurationPlatforms) = preSolution
		Debug|Any CPU = Debug|Any CPU
		Release|Any CPU = Release|Any CPU
	EndGlobalSection
	GlobalSection(ProjectConfigurationPlatforms) = postSolution
		{3FC2AA46-A9E9-46A2-91EA-1EA1A6391828}.Debug|Any CPU.ActiveCfg = Debug|Any CPU
		{3FC2AA46-A9E9-46A2-91EA-1EA1A6391828}.Debug|Any CPU.Build.0 = Debug|Any CPU
		{3FC2AA46-A9E9-46A2-91EA-1EA1A6391828}.Release|Any CPU.ActiveCfg = Release|Any CPU
		{3FC2AA46-A9E9-46A2-91EA-1EA1A6391828}.Release|Any CPU.Build.0 = Release|Any CPU
	EndGlobalSection
	GlobalSection(SolutionProperties) = preSolution
		HideSolutionNode = FALSE
	EndGlobalSection
	GlobalSection(ExtensibilityGlobals) = postSolution
		SolutionGuid = {3C620D9B-18CF-49CA-AE15-5A56E57255BA}
	EndGlobalSection
EndGlobal
